
Microsoft Visual Studio Solution File, Format Version 12.00
Project("{FAE04EC0-301F-11D3-BF4B-00C04F79EFBC}") = "Pylsky.Api", "Pylsky.Api\Pylsky.Api.csproj", "{462F88F4-B2F8-45A6-B76D-4B4A5BE4FA2F}"
EndProject
Project("{FAE04EC0-301F-11D3-BF4B-00C04F79EFBC}") = "Pylsky.Core", "Pylsky.Core\Pylsky.Core.csproj", "{4E6F9A61-734A-45F3-BAB0-CEC7D76209FA}"
EndProject
Project("{FAE04EC0-301F-11D3-BF4B-00C04F79EFBC}") = "Pylsky.Infrastructure", "Pylsky.Infrastructure\Pylsky.Infrastructure.csproj", "{C46E622B-7FD3-4F3D-854E-DA687664E6F5}"
EndProject
Project("{FAE04EC0-301F-11D3-BF4B-00C04F79EFBC}") = "Pylsky.Infrastructure.Ioc", "Pylsky.Infrastructure.Ioc\Pylsky.Infrastructure.Ioc.csproj", "{BB21C3F5-4F5C-4F32-96F2-FE05A935B984}"
EndProject
Project("{FAE04EC0-301F-11D3-BF4B-00C04F79EFBC}") = "Pylsky.Infrastructure.Ef", "Pylsky.Infrastructure.Ef\Pylsky.Infrastructure.Ef.csproj", "{5019B9D1-A6BC-47E5-95D1-66496F402C76}"
EndProject
Global
	GlobalSection(SolutionConfigurationPlatforms) = preSolution
		Debug|Any CPU = Debug|Any CPU
		Release|Any CPU = Release|Any CPU
	EndGlobalSection
	GlobalSection(ProjectConfigurationPlatforms) = postSolution
		{462F88F4-B2F8-45A6-B76D-4B4A5BE4FA2F}.Debug|Any CPU.ActiveCfg = Debug|Any CPU
		{462F88F4-B2F8-45A6-B76D-4B4A5BE4FA2F}.Debug|Any CPU.Build.0 = Debug|Any CPU
		{462F88F4-B2F8-45A6-B76D-4B4A5BE4FA2F}.Release|Any CPU.ActiveCfg = Release|Any CPU
		{462F88F4-B2F8-45A6-B76D-4B4A5BE4FA2F}.Release|Any CPU.Build.0 = Release|Any CPU
		{4E6F9A61-734A-45F3-BAB0-CEC7D76209FA}.Debug|Any CPU.ActiveCfg = Debug|Any CPU
		{4E6F9A61-734A-45F3-BAB0-CEC7D76209FA}.Debug|Any CPU.Build.0 = Debug|Any CPU
		{4E6F9A61-734A-45F3-BAB0-CEC7D76209FA}.Release|Any CPU.ActiveCfg = Release|Any CPU
		{4E6F9A61-734A-45F3-BAB0-CEC7D76209FA}.Release|Any CPU.Build.0 = Release|Any CPU
		{C46E622B-7FD3-4F3D-854E-DA687664E6F5}.Debug|Any CPU.ActiveCfg = Debug|Any CPU
		{C46E622B-7FD3-4F3D-854E-DA687664E6F5}.Debug|Any CPU.Build.0 = Debug|Any CPU
		{C46E622B-7FD3-4F3D-854E-DA687664E6F5}.Release|Any CPU.ActiveCfg = Release|Any CPU
		{C46E622B-7FD3-4F3D-854E-DA687664E6F5}.Release|Any CPU.Build.0 = Release|Any CPU
		{BB21C3F5-4F5C-4F32-96F2-FE05A935B984}.Debug|Any CPU.ActiveCfg = Debug|Any CPU
		{BB21C3F5-4F5C-4F32-96F2-FE05A935B984}.Debug|Any CPU.Build.0 = Debug|Any CPU
		{BB21C3F5-4F5C-4F32-96F2-FE05A935B984}.Release|Any CPU.ActiveCfg = Release|Any CPU
		{BB21C3F5-4F5C-4F32-96F2-FE05A935B984}.Release|Any CPU.Build.0 = Release|Any CPU
		{5019B9D1-A6BC-47E5-95D1-66496F402C76}.Debug|Any CPU.ActiveCfg = Debug|Any CPU
		{5019B9D1-A6BC-47E5-95D1-66496F402C76}.Debug|Any CPU.Build.0 = Debug|Any CPU
		{5019B9D1-A6BC-47E5-95D1-66496F402C76}.Release|Any CPU.ActiveCfg = Release|Any CPU
		{5019B9D1-A6BC-47E5-95D1-66496F402C76}.Release|Any CPU.Build.0 = Release|Any CPU
	EndGlobalSection
EndGlobal
